{
  "name": "joi-smartobject",
  "version": "1.0.2",
  "lockfileVersion": 1,
  "requires": true,
  "dependencies": {
    "@hapi/address": {
      "version": "2.1.2",
      "resolved": "https://registry.npmjs.org/@hapi/address/-/address-2.1.2.tgz",
      "integrity": "sha512-O4QDrx+JoGKZc6aN64L04vqa7e41tIiLU+OvKdcYaEMP97UttL0f9GIi9/0A4WAMx0uBd6SidDIhktZhgOcN8Q=="
    },
    "@hapi/formula": {
      "version": "1.2.0",
      "resolved": "https://registry.npmjs.org/@hapi/formula/-/formula-1.2.0.tgz",
      "integrity": "sha512-UFbtbGPjstz0eWHb+ga/GM3Z9EzqKXFWIbSOFURU0A/Gku0Bky4bCk9/h//K2Xr3IrCfjFNhMm4jyZ5dbCewGA=="
    },
    "@hapi/hoek": {
      "version": "8.2.4",
      "resolved": "https://registry.npmjs.org/@hapi/hoek/-/hoek-8.2.4.tgz",
      "integrity": "sha512-Ze5SDNt325yZvNO7s5C4fXDscjJ6dcqLFXJQ/M7dZRQCewuDj2iDUuBi6jLQt+APbW9RjjVEvLr35FXuOEqjow=="
    },
    "@hapi/joi": {
      "version": "16.1.4",
      "resolved": "https://registry.npmjs.org/@hapi/joi/-/joi-16.1.4.tgz",
      "integrity": "sha512-m7ctezhxjob+dSpXnCNlgAj6rrEpdSsaWu3GWL3g1AybQCU36mlAo9IwGFJwIxD+oHgdO6mYyviYlaejX+qN6g==",
      "requires": {
        "@hapi/address": "^2.1.2",
        "@hapi/formula": "^1.2.0",
        "@hapi/hoek": "^8.2.4",
        "@hapi/pinpoint": "^1.0.2",
        "@hapi/topo": "^3.1.3"
      }
    },
    "@hapi/pinpoint": {
      "version": "1.0.2",
      "resolved": "https://registry.npmjs.org/@hapi/pinpoint/-/pinpoint-1.0.2.tgz",
      "integrity": "sha512-dtXC/WkZBfC5vxscazuiJ6iq4j9oNx1SHknmIr8hofarpKUZKmlUVYVIhNVzIEgK5Wrc4GMHL5lZtt1uS2flmQ=="
    },
    "@hapi/topo": {
      "version": "3.1.4",
      "resolved": "https://registry.npmjs.org/@hapi/topo/-/topo-3.1.4.tgz",
      "integrity": "sha512-aVWQTOI9wBD6zawmOr6f+tdEIxQC8JXfQVLTjgGe8YEStAWGn/GNNVTobKJhbWKveQj2RyYF3oYbO9SC8/eOCA==",
      "requires": {
        "@hapi/hoek": "8.x.x"
      }
    }
  }
}
